
Microsoft Visual Studio Solution File, Format Version 12.00
# Visual Studio Version 16
VisualStudioVersion = 16.0.30309.148
MinimumVisualStudioVersion = 10.0.40219.1
Project("{FAE04EC0-301F-11D3-BF4B-00C04F79EFBC}") = "App2", "App2\App2.csproj", "{38A668DC-2532-4DE8-A2F4-8BE300E5AAC0}"
EndProject
Global
	GlobalSection(SolutionConfigurationPlatforms) = preSolution
		Debug|Any CPU = Debug|Any CPU
		Release|Any CPU = Release|Any CPU
	EndGlobalSection
	GlobalSection(ProjectConfigurationPlatforms) = postSolution
		{38A668DC-2532-4DE8-A2F4-8BE300E5AAC0}.Debug|Any CPU.ActiveCfg = Debug|Any CPU
		{38A668DC-2532-4DE8-A2F4-8BE300E5AAC0}.Debug|Any CPU.Build.0 = Debug|Any CPU
		{38A668DC-2532-4DE8-A2F4-8BE300E5AAC0}.Debug|Any CPU.Deploy.0 = Debug|Any CPU
		{38A668DC-2532-4DE8-A2F4-8BE300E5AAC0}.Release|Any CPU.ActiveCfg = Release|Any CPU
		{38A668DC-2532-4DE8-A2F4-8BE300E5AAC0}.Release|Any CPU.Build.0 = Release|Any CPU
		{38A668DC-2532-4DE8-A2F4-8BE300E5AAC0}.Release|Any CPU.Deploy.0 = Release|Any CPU
	EndGlobalSection
	GlobalSection(SolutionProperties) = preSolution
		HideSolutionNode = FALSE
	EndGlobalSection
	GlobalSection(ExtensibilityGlobals) = postSolution
		SolutionGuid = {F3A91863-C85B-4A1E-99D2-FD2072220E74}
	EndGlobalSection
EndGlobal
